
Microsoft Visual Studio Solution File, Format Version 12.00
# Visual Studio 15
VisualStudioVersion = 15.0.28010.2003
MinimumVisualStudioVersion = 10.0.40219.1
Project("{FAE04EC0-301F-11D3-BF4B-00C04F79EFBC}") = "RuleEngine", "RuleEngine\RuleEngine.csproj", "{9499A7C1-98F6-48B4-8348-D2105F1A39D2}"
EndProject
Project("{FAE04EC0-301F-11D3-BF4B-00C04F79EFBC}") = "RuleEnginTest", "RuleEnginTest\RuleEnginTest.csproj", "{20DBAC4F-CFCA-4FAE-94A2-138A50E483C9}"
EndProject
Global
	GlobalSection(SolutionConfigurationPlatforms) = preSolution
		Debug|Any CPU = Debug|Any CPU
		Release|Any CPU = Release|Any CPU
	EndGlobalSection
	GlobalSection(ProjectConfigurationPlatforms) = postSolution
		{9499A7C1-98F6-48B4-8348-D2105F1A39D2}.Debug|Any CPU.ActiveCfg = Debug|Any CPU
		{9499A7C1-98F6-48B4-8348-D2105F1A39D2}.Debug|Any CPU.Build.0 = Debug|Any CPU
		{9499A7C1-98F6-48B4-8348-D2105F1A39D2}.Release|Any CPU.ActiveCfg = Release|Any CPU
		{9499A7C1-98F6-48B4-8348-D2105F1A39D2}.Release|Any CPU.Build.0 = Release|Any CPU
		{20DBAC4F-CFCA-4FAE-94A2-138A50E483C9}.Debug|Any CPU.ActiveCfg = Debug|Any CPU
		{20DBAC4F-CFCA-4FAE-94A2-138A50E483C9}.Debug|Any CPU.Build.0 = Debug|Any CPU
		{20DBAC4F-CFCA-4FAE-94A2-138A50E483C9}.Release|Any CPU.ActiveCfg = Release|Any CPU
		{20DBAC4F-CFCA-4FAE-94A2-138A50E483C9}.Release|Any CPU.Build.0 = Release|Any CPU
	EndGlobalSection
	GlobalSection(SolutionProperties) = preSolution
		HideSolutionNode = FALSE
	EndGlobalSection
	GlobalSection(ExtensibilityGlobals) = postSolution
		SolutionGuid = {E068D96D-9CC2-47F1-B659-D07D07282104}
	EndGlobalSection
EndGlobal
